{
  "name": "pneuma",
  "version": "1.0.0",
  "lockfileVersion": 1,
  "requires": true,
  "dependencies": {
    "@types/prettier": {
      "version": "2.4.4",
      "resolved": "https://registry.npmjs.org/@types/prettier/-/prettier-2.4.4.tgz",
      "integrity": "sha512-ReVR2rLTV1kvtlWFyuot+d1pkpG2Fw/XKE3PDAdj57rbM97ttSp9JZ2UsP+2EHTylra9cUf6JA7tGwW1INzUrA==",
      "dev": true
    },
    "diff": {
      "version": "5.0.0",
      "resolved": "https://registry.npmjs.org/diff/-/diff-5.0.0.tgz",
      "integrity": "sha512-/VTCrvm5Z0JGty/BWHljh+BAiw3IK+2j87NGMu8Nwc/f48WoDAC395uomO9ZD117ZOBaHmkX1oyLvkVM/aIT3w==",
      "dev": true
    },
    "fsevents": {
      "version": "2.3.2",
      "resolved": "https://registry.npmjs.org/fsevents/-/fsevents-2.3.2.tgz",
      "integrity": "sha512-xiqMQR4xAeHTuB9uWm+fFRcIOgKBMiOBP+eXiyT7jsgVCq1bkVygt00oASowB7EdtpOHaaPgKt812P9ab+DDKA==",
      "dev": true,
      "optional": true
    },
    "lodash.hasin": {
      "version": "4.5.2",
      "resolved": "https://registry.npmjs.org/lodash.hasin/-/lodash.hasin-4.5.2.tgz",
      "integrity": "sha1-+R41I3jSHvcJC552h8LKNcW01So=",
      "dev": true
    },
    "lodash.isempty": {
      "version": "4.4.0",
      "resolved": "https://registry.npmjs.org/lodash.isempty/-/lodash.isempty-4.4.0.tgz",
      "integrity": "sha1-b4bL7di+TsmHvpqvM8loTbGzHn4=",
      "dev": true
    },
    "lodash.isnil": {
      "version": "4.0.0",
      "resolved": "https://registry.npmjs.org/lodash.isnil/-/lodash.isnil-4.0.0.tgz",
      "integrity": "sha1-SeKM1VkBNFjIFMVHnTxmOiG/qmw=",
      "dev": true
    },
    "lodash.omitby": {
      "version": "4.6.0",
      "resolved": "https://registry.npmjs.org/lodash.omitby/-/lodash.omitby-4.6.0.tgz",
      "integrity": "sha1-XBX/R1StVVAWtTwEExHo8HkgR5E=",
      "dev": true
    },
    "magic-string": {
      "version": "0.25.7",
      "resolved": "https://registry.npmjs.org/magic-string/-/magic-string-0.25.7.tgz",
      "integrity": "sha512-4CrMT5DOHTDk4HYDlzmwu4FVCcIYI8gauveasrdCu2IKIFOJ3f0v/8MDGJCDL9oD2ppz/Av1b0Nj345H9M+XIA==",
      "dev": true,
      "requires": {
        "sourcemap-codec": "^1.4.4"
      }
    },
    "prettier": {
      "version": "2.6.1",
      "resolved": "https://registry.npmjs.org/prettier/-/prettier-2.6.1.tgz",
      "integrity": "sha512-8UVbTBYGwN37Bs9LERmxCPjdvPxlEowx2urIL6urHzdb3SDq4B/Z6xLFCblrSnE4iKWcS6ziJ3aOYrc1kz/E2A==",
      "dev": true
    },
    "rollup": {
      "version": "2.70.1",
      "resolved": "https://registry.npmjs.org/rollup/-/rollup-2.70.1.tgz",
      "integrity": "sha512-CRYsI5EuzLbXdxC6RnYhOuRdtz4bhejPMSWjsFLfVM/7w/85n2szZv6yExqUXsBdz5KT8eoubeyDUDjhLHEslA==",
      "dev": true,
      "requires": {
        "fsevents": "~2.3.2"
      }
    },
    "rollup-plugin-prettier": {
      "version": "2.2.2",
      "resolved": "https://registry.npmjs.org/rollup-plugin-prettier/-/rollup-plugin-prettier-2.2.2.tgz",
      "integrity": "sha512-dj5RhTuW8vTVrjxGsKy7rO/ywhKgo8Wihm776e/Po0ZYj/Yu4kr+B6vmnYmZ46Y1kslE1UGoXvBygwmlJ0ifrw==",
      "dev": true,
      "requires": {
        "@types/prettier": "^1.0.0 || ^2.0.0",
        "diff": "5.0.0",
        "lodash.hasin": "4.5.2",
        "lodash.isempty": "4.4.0",
        "lodash.isnil": "4.0.0",
        "lodash.omitby": "4.6.0",
        "magic-string": "0.25.7"
      }
    },
    "sourcemap-codec": {
      "version": "1.4.8",
      "resolved": "https://registry.npmjs.org/sourcemap-codec/-/sourcemap-codec-1.4.8.tgz",
      "integrity": "sha512-9NykojV5Uih4lgo5So5dtw+f0JgJX30KCNI8gwhz2J9A15wD0Ml6tjHKwf6fTSa6fAdVBdZeNOs9eJ71qCk8vA==",
      "dev": true
    }
  }
}
